
Microsoft Visual Studio Solution File, Format Version 11.00
# Visual C++ Express 2010
Project("{8BC9CEB8-8B4A-11D0-8D11-00A0C91BC942}") = "t2c1e1", "t2c1e1\t2c1e1.vcxproj", "{C041F9B1-87B0-4023-AAF3-550C6206F685}"
EndProject
Project("{8BC9CEB8-8B4A-11D0-8D11-00A0C91BC942}") = "t2c1e2", "t2c1e2\t2c1e2.vcxproj", "{310DAC69-F6C6-4DFA-B070-DF13F320045D}"
EndProject
Project("{8BC9CEB8-8B4A-11D0-8D11-00A0C91BC942}") = "t2c2e1", "t2c2e1\t2c2e1.vcxproj", "{ABA96808-A9EA-460E-B72A-DF23A573614C}"
EndProject
Project("{8BC9CEB8-8B4A-11D0-8D11-00A0C91BC942}") = "t2c2e2", "t2c2e2\t2c2e2.vcxproj", "{F6858F42-B1DB-4FD4-912A-EE7CFB4968D6}"
EndProject
Project("{8BC9CEB8-8B4A-11D0-8D11-00A0C91BC942}") = "t2c2e3", "t2c2e3\t2c2e3.vcxproj", "{BE11C132-FE71-48D3-AB00-FF4C53516B92}"
EndProject
Project("{8BC9CEB8-8B4A-11D0-8D11-00A0C91BC942}") = "t3c1e1", "t3c1e1\t3c1e1.vcxproj", "{14337AE4-365A-493B-9B65-A3225689AB1D}"
EndProject
Project("{8BC9CEB8-8B4A-11D0-8D11-00A0C91BC942}") = "t3c1e2", "t3c1e2\t3c1e2.vcxproj", "{1E2A3B4C-F3CD-452E-91B1-ADCFA1D77D80}"
EndProject
Project("{8BC9CEB8-8B4A-11D0-8D11-00A0C91BC942}") = "t3c1e3", "t3c1e3\t3c1e3.vcxproj", "{01DF4FB4-EAEC-4729-A1DB-1FF502A521A9}"
EndProject
Project("{8BC9CEB8-8B4A-11D0-8D11-00A0C91BC942}") = "t3c2e1", "t3c2e1\t3c2e1.vcxproj", "{02A56A36-D392-4628-97F0-6E413EAD1FB9}"
EndProject
Project("{8BC9CEB8-8B4A-11D0-8D11-00A0C91BC942}") = "t3c2e2", "t3c2e2\t3c2e2.vcxproj", "{7E5DF1AC-0842-40F7-92C9-B5BE51CD0594}"
EndProject
Project("{8BC9CEB8-8B4A-11D0-8D11-00A0C91BC942}") = "t3c3e3", "t3c3e3\t3c3e3.vcxproj", "{7B270010-5C14-4EDC-8A10-96C38BBC7BFC}"
EndProject
Project("{8BC9CEB8-8B4A-11D0-8D11-00A0C91BC942}") = "t3c3e1", "t3c3e1\t3c3e1.vcxproj", "{7F0CE380-7D0A-4C99-B172-BF2103225A57}"
EndProject
Project("{8BC9CEB8-8B4A-11D0-8D11-00A0C91BC942}") = "t3c2e3", "t3c2e3\t3c2e3.vcxproj", "{44D094FE-A4D8-45FC-93C9-A93DAF41A67F}"
EndProject
Project("{8BC9CEB8-8B4A-11D0-8D11-00A0C91BC942}") = "t4c1e1", "t4c1e1\t4c1e1.vcxproj", "{816D9BF3-60BD-4EAD-A51F-16E490154167}"
EndProject
Project("{8BC9CEB8-8B4A-11D0-8D11-00A0C91BC942}") = "t4c1e2", "t4c1e2\t4c1e2.vcxproj", "{530ED322-0F00-4611-8552-4B178AB7220E}"
EndProject
Project("{8BC9CEB8-8B4A-11D0-8D11-00A0C91BC942}") = "t4c1e3", "t4c1e3\t4c1e3.vcxproj", "{DB54C840-08AF-4CA9-8B00-B2EB77E4AB22}"
EndProject
Project("{8BC9CEB8-8B4A-11D0-8D11-00A0C91BC942}") = "t4c2e1", "t4c2e1\t4c2e1.vcxproj", "{C228EFEA-339F-4311-8BCD-5C4C0333EE15}"
EndProject
Project("{8BC9CEB8-8B4A-11D0-8D11-00A0C91BC942}") = "t5c1e1", "t5c1e1\t5c1e1.vcxproj", "{5758BC0D-A5B7-4BA7-B7E2-B1894E6159A0}"
EndProject
Project("{8BC9CEB8-8B4A-11D0-8D11-00A0C91BC942}") = "t6c1e1", "t6c1e1\t6c1e1.vcxproj", "{2879F30B-70A0-42D2-8730-2AB4470181F4}"
EndProject
Project("{8BC9CEB8-8B4A-11D0-8D11-00A0C91BC942}") = "t6c1e2", "t6c1e2\t6c1e2.vcxproj", "{49C7DB26-BBD1-48B3-B00E-5BBC906BCD7B}"
EndProject
Project("{8BC9CEB8-8B4A-11D0-8D11-00A0C91BC942}") = "pruebas", "pruebas\pruebas.vcxproj", "{FEAC70C8-90D1-4303-832C-D426D510AED5}"
EndProject
Project("{8BC9CEB8-8B4A-11D0-8D11-00A0C91BC942}") = "t9c2e1", "t9c2e1\t9c2e1.vcxproj", "{52DB04B6-10A0-4857-9B14-351007E7BD0F}"
EndProject
Project("{8BC9CEB8-8B4A-11D0-8D11-00A0C91BC942}") = "t10c1e1", "t10c1e1\t10c1e1.vcxproj", "{51AB0B29-D67F-4DF0-9EE6-EABC320E43F9}"
EndProject
Project("{8BC9CEB8-8B4A-11D0-8D11-00A0C91BC942}") = "t10c2e1", "t10c2e1\t10c2e1.vcxproj", "{2CD39836-A8CE-430E-A8BE-53B41087D0A9}"
EndProject
Project("{8BC9CEB8-8B4A-11D0-8D11-00A0C91BC942}") = "t10c2e2", "t10c2e2\t10c2e2.vcxproj", "{80D7A217-DB03-48E0-AC76-09316B080A83}"
EndProject
Global
	GlobalSection(SolutionConfigurationPlatforms) = preSolution
		Debug|Win32 = Debug|Win32
		Release|Win32 = Release|Win32
	EndGlobalSection
	GlobalSection(ProjectConfigurationPlatforms) = postSolution
		{C041F9B1-87B0-4023-AAF3-550C6206F685}.Debug|Win32.ActiveCfg = Debug|Win32
		{C041F9B1-87B0-4023-AAF3-550C6206F685}.Debug|Win32.Build.0 = Debug|Win32
		{C041F9B1-87B0-4023-AAF3-550C6206F685}.Release|Win32.ActiveCfg = Release|Win32
		{C041F9B1-87B0-4023-AAF3-550C6206F685}.Release|Win32.Build.0 = Release|Win32
		{310DAC69-F6C6-4DFA-B070-DF13F320045D}.Debug|Win32.ActiveCfg = Debug|Win32
		{310DAC69-F6C6-4DFA-B070-DF13F320045D}.Debug|Win32.Build.0 = Debug|Win32
		{310DAC69-F6C6-4DFA-B070-DF13F320045D}.Release|Win32.ActiveCfg = Release|Win32
		{310DAC69-F6C6-4DFA-B070-DF13F320045D}.Release|Win32.Build.0 = Release|Win32
		{ABA96808-A9EA-460E-B72A-DF23A573614C}.Debug|Win32.ActiveCfg = Debug|Win32
		{ABA96808-A9EA-460E-B72A-DF23A573614C}.Debug|Win32.Build.0 = Debug|Win32
		{ABA96808-A9EA-460E-B72A-DF23A573614C}.Release|Win32.ActiveCfg = Release|Win32
		{ABA96808-A9EA-460E-B72A-DF23A573614C}.Release|Win32.Build.0 = Release|Win32
		{F6858F42-B1DB-4FD4-912A-EE7CFB4968D6}.Debug|Win32.ActiveCfg = Debug|Win32
		{F6858F42-B1DB-4FD4-912A-EE7CFB4968D6}.Debug|Win32.Build.0 = Debug|Win32
		{F6858F42-B1DB-4FD4-912A-EE7CFB4968D6}.Release|Win32.ActiveCfg = Release|Win32
		{F6858F42-B1DB-4FD4-912A-EE7CFB4968D6}.Release|Win32.Build.0 = Release|Win32
		{BE11C132-FE71-48D3-AB00-FF4C53516B92}.Debug|Win32.ActiveCfg = Debug|Win32
		{BE11C132-FE71-48D3-AB00-FF4C53516B92}.Debug|Win32.Build.0 = Debug|Win32
		{BE11C132-FE71-48D3-AB00-FF4C53516B92}.Release|Win32.ActiveCfg = Release|Win32
		{BE11C132-FE71-48D3-AB00-FF4C53516B92}.Release|Win32.Build.0 = Release|Win32
		{14337AE4-365A-493B-9B65-A3225689AB1D}.Debug|Win32.ActiveCfg = Debug|Win32
		{14337AE4-365A-493B-9B65-A3225689AB1D}.Debug|Win32.Build.0 = Debug|Win32
		{14337AE4-365A-493B-9B65-A3225689AB1D}.Release|Win32.ActiveCfg = Release|Win32
		{14337AE4-365A-493B-9B65-A3225689AB1D}.Release|Win32.Build.0 = Release|Win32
		{1E2A3B4C-F3CD-452E-91B1-ADCFA1D77D80}.Debug|Win32.ActiveCfg = Debug|Win32
		{1E2A3B4C-F3CD-452E-91B1-ADCFA1D77D80}.Debug|Win32.Build.0 = Debug|Win32
		{1E2A3B4C-F3CD-452E-91B1-ADCFA1D77D80}.Release|Win32.ActiveCfg = Release|Win32
		{1E2A3B4C-F3CD-452E-91B1-ADCFA1D77D80}.Release|Win32.Build.0 = Release|Win32
		{01DF4FB4-EAEC-4729-A1DB-1FF502A521A9}.Debug|Win32.ActiveCfg = Debug|Win32
		{01DF4FB4-EAEC-4729-A1DB-1FF502A521A9}.Debug|Win32.Build.0 = Debug|Win32
		{01DF4FB4-EAEC-4729-A1DB-1FF502A521A9}.Release|Win32.ActiveCfg = Release|Win32
		{01DF4FB4-EAEC-4729-A1DB-1FF502A521A9}.Release|Win32.Build.0 = Release|Win32
		{02A56A36-D392-4628-97F0-6E413EAD1FB9}.Debug|Win32.ActiveCfg = Debug|Win32
		{02A56A36-D392-4628-97F0-6E413EAD1FB9}.Debug|Win32.Build.0 = Debug|Win32
		{02A56A36-D392-4628-97F0-6E413EAD1FB9}.Release|Win32.ActiveCfg = Release|Win32
		{02A56A36-D392-4628-97F0-6E413EAD1FB9}.Release|Win32.Build.0 = Release|Win32
		{7E5DF1AC-0842-40F7-92C9-B5BE51CD0594}.Debug|Win32.ActiveCfg = Debug|Win32
		{7E5DF1AC-0842-40F7-92C9-B5BE51CD0594}.Debug|Win32.Build.0 = Debug|Win32
		{7E5DF1AC-0842-40F7-92C9-B5BE51CD0594}.Release|Win32.ActiveCfg = Release|Win32
		{7E5DF1AC-0842-40F7-92C9-B5BE51CD0594}.Release|Win32.Build.0 = Release|Win32
		{7B270010-5C14-4EDC-8A10-96C38BBC7BFC}.Debug|Win32.ActiveCfg = Debug|Win32
		{7B270010-5C14-4EDC-8A10-96C38BBC7BFC}.Debug|Win32.Build.0 = Debug|Win32
		{7B270010-5C14-4EDC-8A10-96C38BBC7BFC}.Release|Win32.ActiveCfg = Release|Win32
		{7B270010-5C14-4EDC-8A10-96C38BBC7BFC}.Release|Win32.Build.0 = Release|Win32
		{7F0CE380-7D0A-4C99-B172-BF2103225A57}.Debug|Win32.ActiveCfg = Debug|Win32
		{7F0CE380-7D0A-4C99-B172-BF2103225A57}.Debug|Win32.Build.0 = Debug|Win32
		{7F0CE380-7D0A-4C99-B172-BF2103225A57}.Release|Win32.ActiveCfg = Release|Win32
		{7F0CE380-7D0A-4C99-B172-BF2103225A57}.Release|Win32.Build.0 = Release|Win32
		{44D094FE-A4D8-45FC-93C9-A93DAF41A67F}.Debug|Win32.ActiveCfg = Debug|Win32
		{44D094FE-A4D8-45FC-93C9-A93DAF41A67F}.Debug|Win32.Build.0 = Debug|Win32
		{44D094FE-A4D8-45FC-93C9-A93DAF41A67F}.Release|Win32.ActiveCfg = Release|Win32
		{44D094FE-A4D8-45FC-93C9-A93DAF41A67F}.Release|Win32.Build.0 = Release|Win32
		{816D9BF3-60BD-4EAD-A51F-16E490154167}.Debug|Win32.ActiveCfg = Debug|Win32
		{816D9BF3-60BD-4EAD-A51F-16E490154167}.Debug|Win32.Build.0 = Debug|Win32
		{816D9BF3-60BD-4EAD-A51F-16E490154167}.Release|Win32.ActiveCfg = Release|Win32
		{816D9BF3-60BD-4EAD-A51F-16E490154167}.Release|Win32.Build.0 = Release|Win32
		{530ED322-0F00-4611-8552-4B178AB7220E}.Debug|Win32.ActiveCfg = Debug|Win32
		{530ED322-0F00-4611-8552-4B178AB7220E}.Debug|Win32.Build.0 = Debug|Win32
		{530ED322-0F00-4611-8552-4B178AB7220E}.Release|Win32.ActiveCfg = Release|Win32
		{530ED322-0F00-4611-8552-4B178AB7220E}.Release|Win32.Build.0 = Release|Win32
		{DB54C840-08AF-4CA9-8B00-B2EB77E4AB22}.Debug|Win32.ActiveCfg = Debug|Win32
		{DB54C840-08AF-4CA9-8B00-B2EB77E4AB22}.Debug|Win32.Build.0 = Debug|Win32
		{DB54C840-08AF-4CA9-8B00-B2EB77E4AB22}.Release|Win32.ActiveCfg = Release|Win32
		{DB54C840-08AF-4CA9-8B00-B2EB77E4AB22}.Release|Win32.Build.0 = Release|Win32
		{C228EFEA-339F-4311-8BCD-5C4C0333EE15}.Debug|Win32.ActiveCfg = Debug|Win32
		{C228EFEA-339F-4311-8BCD-5C4C0333EE15}.Debug|Win32.Build.0 = Debug|Win32
		{C228EFEA-339F-4311-8BCD-5C4C0333EE15}.Release|Win32.ActiveCfg = Release|Win32
		{C228EFEA-339F-4311-8BCD-5C4C0333EE15}.Release|Win32.Build.0 = Release|Win32
		{5758BC0D-A5B7-4BA7-B7E2-B1894E6159A0}.Debug|Win32.ActiveCfg = Debug|Win32
		{5758BC0D-A5B7-4BA7-B7E2-B1894E6159A0}.Debug|Win32.Build.0 = Debug|Win32
		{5758BC0D-A5B7-4BA7-B7E2-B1894E6159A0}.Release|Win32.ActiveCfg = Release|Win32
		{5758BC0D-A5B7-4BA7-B7E2-B1894E6159A0}.Release|Win32.Build.0 = Release|Win32
		{2879F30B-70A0-42D2-8730-2AB4470181F4}.Debug|Win32.ActiveCfg = Debug|Win32
		{2879F30B-70A0-42D2-8730-2AB4470181F4}.Debug|Win32.Build.0 = Debug|Win32
		{2879F30B-70A0-42D2-8730-2AB4470181F4}.Release|Win32.ActiveCfg = Release|Win32
		{2879F30B-70A0-42D2-8730-2AB4470181F4}.Release|Win32.Build.0 = Release|Win32
		{49C7DB26-BBD1-48B3-B00E-5BBC906BCD7B}.Debug|Win32.ActiveCfg = Debug|Win32
		{49C7DB26-BBD1-48B3-B00E-5BBC906BCD7B}.Debug|Win32.Build.0 = Debug|Win32
		{49C7DB26-BBD1-48B3-B00E-5BBC906BCD7B}.Release|Win32.ActiveCfg = Release|Win32
		{49C7DB26-BBD1-48B3-B00E-5BBC906BCD7B}.Release|Win32.Build.0 = Release|Win32
		{FEAC70C8-90D1-4303-832C-D426D510AED5}.Debug|Win32.ActiveCfg = Debug|Win32
		{FEAC70C8-90D1-4303-832C-D426D510AED5}.Debug|Win32.Build.0 = Debug|Win32
		{FEAC70C8-90D1-4303-832C-D426D510AED5}.Release|Win32.ActiveCfg = Release|Win32
		{FEAC70C8-90D1-4303-832C-D426D510AED5}.Release|Win32.Build.0 = Release|Win32
		{52DB04B6-10A0-4857-9B14-351007E7BD0F}.Debug|Win32.ActiveCfg = Debug|Win32
		{52DB04B6-10A0-4857-9B14-351007E7BD0F}.Debug|Win32.Build.0 = Debug|Win32
		{52DB04B6-10A0-4857-9B14-351007E7BD0F}.Release|Win32.ActiveCfg = Release|Win32
		{52DB04B6-10A0-4857-9B14-351007E7BD0F}.Release|Win32.Build.0 = Release|Win32
		{51AB0B29-D67F-4DF0-9EE6-EABC320E43F9}.Debug|Win32.ActiveCfg = Debug|Win32
		{51AB0B29-D67F-4DF0-9EE6-EABC320E43F9}.Debug|Win32.Build.0 = Debug|Win32
		{51AB0B29-D67F-4DF0-9EE6-EABC320E43F9}.Release|Win32.ActiveCfg = Release|Win32
		{51AB0B29-D67F-4DF0-9EE6-EABC320E43F9}.Release|Win32.Build.0 = Release|Win32
		{2CD39836-A8CE-430E-A8BE-53B41087D0A9}.Debug|Win32.ActiveCfg = Debug|Win32
		{2CD39836-A8CE-430E-A8BE-53B41087D0A9}.Debug|Win32.Build.0 = Debug|Win32
		{2CD39836-A8CE-430E-A8BE-53B41087D0A9}.Release|Win32.ActiveCfg = Release|Win32
		{2CD39836-A8CE-430E-A8BE-53B41087D0A9}.Release|Win32.Build.0 = Release|Win32
		{80D7A217-DB03-48E0-AC76-09316B080A83}.Debug|Win32.ActiveCfg = Debug|Win32
		{80D7A217-DB03-48E0-AC76-09316B080A83}.Debug|Win32.Build.0 = Debug|Win32
		{80D7A217-DB03-48E0-AC76-09316B080A83}.Release|Win32.ActiveCfg = Release|Win32
		{80D7A217-DB03-48E0-AC76-09316B080A83}.Release|Win32.Build.0 = Release|Win32
	EndGlobalSection
	GlobalSection(SolutionProperties) = preSolution
		HideSolutionNode = FALSE
	EndGlobalSection
EndGlobal
